
Microsoft Visual Studio Solution File, Format Version 12.00
# Visual Studio 2013
VisualStudioVersion = 12.0.21005.1
MinimumVisualStudioVersion = 10.0.40219.1
Project("{FAE04EC0-301F-11D3-BF4B-00C04F79EFBC}") = "01School", "01School\01School.csproj", "{F2105F8A-DC7C-444C-9576-193283244B52}"
EndProject
Project("{FAE04EC0-301F-11D3-BF4B-00C04F79EFBC}") = "02HumanStudentAndWorker", "02HumanStudentAndWorker\02HumanStudentAndWorker.csproj", "{1C487621-3FA9-4C3F-85D4-0902E7C9D2FC}"
EndProject
Project("{FAE04EC0-301F-11D3-BF4B-00C04F79EFBC}") = "03Animals", "03Animals\03Animals.csproj", "{27B82C8B-1078-4C10-9E99-4BE4E6D06315}"
EndProject
Project("{FAE04EC0-301F-11D3-BF4B-00C04F79EFBC}") = "04CompanyHierarchy", "04CompanyHierarchy\04CompanyHierarchy.csproj", "{D6526C6F-32CD-4707-AE40-0083298020BC}"
EndProject
Global
	GlobalSection(SolutionConfigurationPlatforms) = preSolution
		Debug|Any CPU = Debug|Any CPU
		Release|Any CPU = Release|Any CPU
	EndGlobalSection
	GlobalSection(ProjectConfigurationPlatforms) = postSolution
		{F2105F8A-DC7C-444C-9576-193283244B52}.Debug|Any CPU.ActiveCfg = Debug|Any CPU
		{F2105F8A-DC7C-444C-9576-193283244B52}.Debug|Any CPU.Build.0 = Debug|Any CPU
		{F2105F8A-DC7C-444C-9576-193283244B52}.Release|Any CPU.ActiveCfg = Release|Any CPU
		{F2105F8A-DC7C-444C-9576-193283244B52}.Release|Any CPU.Build.0 = Release|Any CPU
		{1C487621-3FA9-4C3F-85D4-0902E7C9D2FC}.Debug|Any CPU.ActiveCfg = Debug|Any CPU
		{1C487621-3FA9-4C3F-85D4-0902E7C9D2FC}.Debug|Any CPU.Build.0 = Debug|Any CPU
		{1C487621-3FA9-4C3F-85D4-0902E7C9D2FC}.Release|Any CPU.ActiveCfg = Release|Any CPU
		{1C487621-3FA9-4C3F-85D4-0902E7C9D2FC}.Release|Any CPU.Build.0 = Release|Any CPU
		{27B82C8B-1078-4C10-9E99-4BE4E6D06315}.Debug|Any CPU.ActiveCfg = Debug|Any CPU
		{27B82C8B-1078-4C10-9E99-4BE4E6D06315}.Debug|Any CPU.Build.0 = Debug|Any CPU
		{27B82C8B-1078-4C10-9E99-4BE4E6D06315}.Release|Any CPU.ActiveCfg = Release|Any CPU
		{27B82C8B-1078-4C10-9E99-4BE4E6D06315}.Release|Any CPU.Build.0 = Release|Any CPU
		{D6526C6F-32CD-4707-AE40-0083298020BC}.Debug|Any CPU.ActiveCfg = Debug|Any CPU
		{D6526C6F-32CD-4707-AE40-0083298020BC}.Debug|Any CPU.Build.0 = Debug|Any CPU
		{D6526C6F-32CD-4707-AE40-0083298020BC}.Release|Any CPU.ActiveCfg = Release|Any CPU
		{D6526C6F-32CD-4707-AE40-0083298020BC}.Release|Any CPU.Build.0 = Release|Any CPU
	EndGlobalSection
	GlobalSection(SolutionProperties) = preSolution
		HideSolutionNode = FALSE
	EndGlobalSection
EndGlobal
