
Microsoft Visual Studio Solution File, Format Version 12.00
# Visual Studio 2013
VisualStudioVersion = 12.0.21005.1
MinimumVisualStudioVersion = 10.0.40219.1
Project("{FAE04EC0-301F-11D3-BF4B-00C04F79EFBC}") = "01WorkHours", "WorkHours\01WorkHours.csproj", "{68FDC093-A94E-4964-9AC6-674928B0F553}"
EndProject
Project("{FAE04EC0-301F-11D3-BF4B-00C04F79EFBC}") = "02SumOfElements", "SumOfElements\02SumOfElements.csproj", "{42C1B228-2FC1-4AF2-BA72-D174A15FE201}"
EndProject
Project("{FAE04EC0-301F-11D3-BF4B-00C04F79EFBC}") = "03TheExplorer", "TheExplorer\03TheExplorer.csproj", "{DA20BBB5-09D4-4192-9A39-7828A7077753}"
EndProject
Global
	GlobalSection(SolutionConfigurationPlatforms) = preSolution
		Debug|Any CPU = Debug|Any CPU
		Release|Any CPU = Release|Any CPU
	EndGlobalSection
	GlobalSection(ProjectConfigurationPlatforms) = postSolution
		{68FDC093-A94E-4964-9AC6-674928B0F553}.Debug|Any CPU.ActiveCfg = Debug|Any CPU
		{68FDC093-A94E-4964-9AC6-674928B0F553}.Debug|Any CPU.Build.0 = Debug|Any CPU
		{68FDC093-A94E-4964-9AC6-674928B0F553}.Release|Any CPU.ActiveCfg = Release|Any CPU
		{68FDC093-A94E-4964-9AC6-674928B0F553}.Release|Any CPU.Build.0 = Release|Any CPU
		{42C1B228-2FC1-4AF2-BA72-D174A15FE201}.Debug|Any CPU.ActiveCfg = Debug|Any CPU
		{42C1B228-2FC1-4AF2-BA72-D174A15FE201}.Debug|Any CPU.Build.0 = Debug|Any CPU
		{42C1B228-2FC1-4AF2-BA72-D174A15FE201}.Release|Any CPU.ActiveCfg = Release|Any CPU
		{42C1B228-2FC1-4AF2-BA72-D174A15FE201}.Release|Any CPU.Build.0 = Release|Any CPU
		{DA20BBB5-09D4-4192-9A39-7828A7077753}.Debug|Any CPU.ActiveCfg = Debug|Any CPU
		{DA20BBB5-09D4-4192-9A39-7828A7077753}.Debug|Any CPU.Build.0 = Debug|Any CPU
		{DA20BBB5-09D4-4192-9A39-7828A7077753}.Release|Any CPU.ActiveCfg = Release|Any CPU
		{DA20BBB5-09D4-4192-9A39-7828A7077753}.Release|Any CPU.Build.0 = Release|Any CPU
	EndGlobalSection
	GlobalSection(SolutionProperties) = preSolution
		HideSolutionNode = FALSE
	EndGlobalSection
EndGlobal
