
Microsoft Visual Studio Solution File, Format Version 12.00
# Visual Studio 2013
VisualStudioVersion = 12.0.21005.1
MinimumVisualStudioVersion = 10.0.40219.1
Project("{FAE04EC0-301F-11D3-BF4B-00C04F79EFBC}") = "UniLogger", "UniLogger\UniLogger.csproj", "{8C554BD1-5BA7-431B-A4A1-2B605BDD0CA8}"
EndProject
Project("{FAE04EC0-301F-11D3-BF4B-00C04F79EFBC}") = "UniLoggerMain", "UniLoggerMain\UniLoggerMain.csproj", "{9709608D-FBBF-40A5-8ECC-583015CB26A4}"
EndProject
Global
	GlobalSection(SolutionConfigurationPlatforms) = preSolution
		Debug|Any CPU = Debug|Any CPU
		Release|Any CPU = Release|Any CPU
	EndGlobalSection
	GlobalSection(ProjectConfigurationPlatforms) = postSolution
		{8C554BD1-5BA7-431B-A4A1-2B605BDD0CA8}.Debug|Any CPU.ActiveCfg = Debug|Any CPU
		{8C554BD1-5BA7-431B-A4A1-2B605BDD0CA8}.Debug|Any CPU.Build.0 = Debug|Any CPU
		{8C554BD1-5BA7-431B-A4A1-2B605BDD0CA8}.Release|Any CPU.ActiveCfg = Release|Any CPU
		{8C554BD1-5BA7-431B-A4A1-2B605BDD0CA8}.Release|Any CPU.Build.0 = Release|Any CPU
		{9709608D-FBBF-40A5-8ECC-583015CB26A4}.Debug|Any CPU.ActiveCfg = Debug|Any CPU
		{9709608D-FBBF-40A5-8ECC-583015CB26A4}.Debug|Any CPU.Build.0 = Debug|Any CPU
		{9709608D-FBBF-40A5-8ECC-583015CB26A4}.Release|Any CPU.ActiveCfg = Release|Any CPU
		{9709608D-FBBF-40A5-8ECC-583015CB26A4}.Release|Any CPU.Build.0 = Release|Any CPU
	EndGlobalSection
	GlobalSection(SolutionProperties) = preSolution
		HideSolutionNode = FALSE
	EndGlobalSection
EndGlobal
