
Microsoft Visual Studio Solution File, Format Version 12.00
# Visual Studio 2013
VisualStudioVersion = 12.0.31101.0
MinimumVisualStudioVersion = 10.0.40219.1
Project("{2150E333-8FDC-42A3-9474-1A3956D46DE8}") = "MultimediaShop", "MultimediaShop", "{C1711EB5-771F-4778-8A25-A97EF9F6DAE6}"
EndProject
Project("{FAE04EC0-301F-11D3-BF4B-00C04F79EFBC}") = "MultimediaShop", "MultimediaShop\MultimediaShop.csproj", "{97056688-6041-47BB-BD7C-2276B35CC30D}"
EndProject
Global
	GlobalSection(SolutionConfigurationPlatforms) = preSolution
		Debug|Any CPU = Debug|Any CPU
		Release|Any CPU = Release|Any CPU
	EndGlobalSection
	GlobalSection(ProjectConfigurationPlatforms) = postSolution
		{97056688-6041-47BB-BD7C-2276B35CC30D}.Debug|Any CPU.ActiveCfg = Debug|Any CPU
		{97056688-6041-47BB-BD7C-2276B35CC30D}.Debug|Any CPU.Build.0 = Debug|Any CPU
		{97056688-6041-47BB-BD7C-2276B35CC30D}.Release|Any CPU.ActiveCfg = Release|Any CPU
		{97056688-6041-47BB-BD7C-2276B35CC30D}.Release|Any CPU.Build.0 = Release|Any CPU
	EndGlobalSection
	GlobalSection(SolutionProperties) = preSolution
		HideSolutionNode = FALSE
	EndGlobalSection
	GlobalSection(NestedProjects) = preSolution
		{97056688-6041-47BB-BD7C-2276B35CC30D} = {C1711EB5-771F-4778-8A25-A97EF9F6DAE6}
	EndGlobalSection
EndGlobal
