
Microsoft Visual Studio Solution File, Format Version 12.00
# Visual Studio 2013
VisualStudioVersion = 12.0.31101.0
MinimumVisualStudioVersion = 10.0.40219.1
Project("{FAE04EC0-301F-11D3-BF4B-00C04F79EFBC}") = "02SortWords", "02SortWords\02SortWords.csproj", "{97FE1E79-83B4-4845-8BAC-1EBAC2418A2A}"
EndProject
Project("{FAE04EC0-301F-11D3-BF4B-00C04F79EFBC}") = "03LongestSubsequence", "03LongestSubsequence\03LongestSubsequence.csproj", "{1602F75D-E48F-457C-93A3-D979A6019974}"
EndProject
Project("{FAE04EC0-301F-11D3-BF4B-00C04F79EFBC}") = "04RemoveOddOccurences", "04RemoveOddOccurences\04RemoveOddOccurences.csproj", "{4954CDEE-3B6B-4CB8-885A-6D56D838F152}"
EndProject
Project("{FAE04EC0-301F-11D3-BF4B-00C04F79EFBC}") = "01SumAndAverage", "01SumAndAverage\01SumAndAverage.csproj", "{3360D5E1-1D63-4188-A0CD-F98A7E7E612E}"
EndProject
Global
	GlobalSection(SolutionConfigurationPlatforms) = preSolution
		Debug|Any CPU = Debug|Any CPU
		Release|Any CPU = Release|Any CPU
	EndGlobalSection
	GlobalSection(ProjectConfigurationPlatforms) = postSolution
		{97FE1E79-83B4-4845-8BAC-1EBAC2418A2A}.Debug|Any CPU.ActiveCfg = Debug|Any CPU
		{97FE1E79-83B4-4845-8BAC-1EBAC2418A2A}.Debug|Any CPU.Build.0 = Debug|Any CPU
		{97FE1E79-83B4-4845-8BAC-1EBAC2418A2A}.Release|Any CPU.ActiveCfg = Release|Any CPU
		{97FE1E79-83B4-4845-8BAC-1EBAC2418A2A}.Release|Any CPU.Build.0 = Release|Any CPU
		{1602F75D-E48F-457C-93A3-D979A6019974}.Debug|Any CPU.ActiveCfg = Debug|Any CPU
		{1602F75D-E48F-457C-93A3-D979A6019974}.Debug|Any CPU.Build.0 = Debug|Any CPU
		{1602F75D-E48F-457C-93A3-D979A6019974}.Release|Any CPU.ActiveCfg = Release|Any CPU
		{1602F75D-E48F-457C-93A3-D979A6019974}.Release|Any CPU.Build.0 = Release|Any CPU
		{4954CDEE-3B6B-4CB8-885A-6D56D838F152}.Debug|Any CPU.ActiveCfg = Debug|Any CPU
		{4954CDEE-3B6B-4CB8-885A-6D56D838F152}.Debug|Any CPU.Build.0 = Debug|Any CPU
		{4954CDEE-3B6B-4CB8-885A-6D56D838F152}.Release|Any CPU.ActiveCfg = Release|Any CPU
		{4954CDEE-3B6B-4CB8-885A-6D56D838F152}.Release|Any CPU.Build.0 = Release|Any CPU
		{3360D5E1-1D63-4188-A0CD-F98A7E7E612E}.Debug|Any CPU.ActiveCfg = Debug|Any CPU
		{3360D5E1-1D63-4188-A0CD-F98A7E7E612E}.Debug|Any CPU.Build.0 = Debug|Any CPU
		{3360D5E1-1D63-4188-A0CD-F98A7E7E612E}.Release|Any CPU.ActiveCfg = Release|Any CPU
		{3360D5E1-1D63-4188-A0CD-F98A7E7E612E}.Release|Any CPU.Build.0 = Release|Any CPU
	EndGlobalSection
	GlobalSection(SolutionProperties) = preSolution
		HideSolutionNode = FALSE
	EndGlobalSection
EndGlobal
