
Microsoft Visual Studio Solution File, Format Version 12.00
# Visual Studio 2013
VisualStudioVersion = 12.0.21005.1
MinimumVisualStudioVersion = 10.0.40219.1
Project("{FAE04EC0-301F-11D3-BF4B-00C04F79EFBC}") = "WebCrawler", "WebCrawler\WebCrawler.csproj", "{B009FF2C-9812-4D88-9934-C19450F0B759}"
EndProject
Project("{FAE04EC0-301F-11D3-BF4B-00C04F79EFBC}") = "UnitTestWebCrawler", "UnitTestWebCrawler\UnitTestWebCrawler.csproj", "{B28B81A1-ED80-40C9-A6F8-87F1401A5A1D}"
EndProject
Global
	GlobalSection(SolutionConfigurationPlatforms) = preSolution
		Debug|Any CPU = Debug|Any CPU
		Release|Any CPU = Release|Any CPU
	EndGlobalSection
	GlobalSection(ProjectConfigurationPlatforms) = postSolution
		{B009FF2C-9812-4D88-9934-C19450F0B759}.Debug|Any CPU.ActiveCfg = Debug|Any CPU
		{B009FF2C-9812-4D88-9934-C19450F0B759}.Debug|Any CPU.Build.0 = Debug|Any CPU
		{B009FF2C-9812-4D88-9934-C19450F0B759}.Release|Any CPU.ActiveCfg = Release|Any CPU
		{B009FF2C-9812-4D88-9934-C19450F0B759}.Release|Any CPU.Build.0 = Release|Any CPU
		{B28B81A1-ED80-40C9-A6F8-87F1401A5A1D}.Debug|Any CPU.ActiveCfg = Debug|Any CPU
		{B28B81A1-ED80-40C9-A6F8-87F1401A5A1D}.Debug|Any CPU.Build.0 = Debug|Any CPU
		{B28B81A1-ED80-40C9-A6F8-87F1401A5A1D}.Release|Any CPU.ActiveCfg = Release|Any CPU
		{B28B81A1-ED80-40C9-A6F8-87F1401A5A1D}.Release|Any CPU.Build.0 = Release|Any CPU
	EndGlobalSection
	GlobalSection(SolutionProperties) = preSolution
		HideSolutionNode = FALSE
	EndGlobalSection
EndGlobal
