
Microsoft Visual Studio Solution File, Format Version 12.00
# Visual Studio 14
VisualStudioVersion = 14.0.23107.0
MinimumVisualStudioVersion = 10.0.40219.1
Project("{FAE04EC0-301F-11D3-BF4B-00C04F79EFBC}") = "Events.Web", "Events.Web\Events.Web.csproj", "{69C38A23-DA90-4AF0-8D2A-4E4C0132B706}"
EndProject
Project("{FAE04EC0-301F-11D3-BF4B-00C04F79EFBC}") = "Events.Data", "Events.Data\Events.Data.csproj", "{D4A7E04E-0512-462F-A6BE-9A723220861D}"
EndProject
Global
	GlobalSection(SolutionConfigurationPlatforms) = preSolution
		Debug|Any CPU = Debug|Any CPU
		Release|Any CPU = Release|Any CPU
	EndGlobalSection
	GlobalSection(ProjectConfigurationPlatforms) = postSolution
		{69C38A23-DA90-4AF0-8D2A-4E4C0132B706}.Debug|Any CPU.ActiveCfg = Debug|Any CPU
		{69C38A23-DA90-4AF0-8D2A-4E4C0132B706}.Debug|Any CPU.Build.0 = Debug|Any CPU
		{69C38A23-DA90-4AF0-8D2A-4E4C0132B706}.Release|Any CPU.ActiveCfg = Release|Any CPU
		{69C38A23-DA90-4AF0-8D2A-4E4C0132B706}.Release|Any CPU.Build.0 = Release|Any CPU
		{D4A7E04E-0512-462F-A6BE-9A723220861D}.Debug|Any CPU.ActiveCfg = Debug|Any CPU
		{D4A7E04E-0512-462F-A6BE-9A723220861D}.Debug|Any CPU.Build.0 = Debug|Any CPU
		{D4A7E04E-0512-462F-A6BE-9A723220861D}.Release|Any CPU.ActiveCfg = Release|Any CPU
		{D4A7E04E-0512-462F-A6BE-9A723220861D}.Release|Any CPU.Build.0 = Release|Any CPU
	EndGlobalSection
	GlobalSection(SolutionProperties) = preSolution
		HideSolutionNode = FALSE
	EndGlobalSection
EndGlobal
