
Microsoft Visual Studio Solution File, Format Version 12.00
# Visual Studio 2013
VisualStudioVersion = 12.0.31101.0
MinimumVisualStudioVersion = 10.0.40219.1
Project("{FAE04EC0-301F-11D3-BF4B-00C04F79EFBC}") = "01EFDatabaseFirst", "01EFDatabaseFirst\01EFDatabaseFirst.csproj", "{01EB30CB-5F2B-4324-9C7D-2789D061E728}"
EndProject
Project("{FAE04EC0-301F-11D3-BF4B-00C04F79EFBC}") = "02ExportJSON", "02ExportJSON\02ExportJSON.csproj", "{DA95B8AF-8506-425E-8217-66A34CE388E6}"
EndProject
Project("{FAE04EC0-301F-11D3-BF4B-00C04F79EFBC}") = "03ExportXML", "03ExportXML\03ExportXML.csproj", "{FB8BD3AB-C118-4CE2-A09B-B33F22956A36}"
EndProject
Project("{FAE04EC0-301F-11D3-BF4B-00C04F79EFBC}") = "04ImportFromXML", "04ImportFromXML\04ImportFromXML.csproj", "{AA94A6CC-F693-4EAF-8BD5-13224689802F}"
EndProject
Global
	GlobalSection(SolutionConfigurationPlatforms) = preSolution
		Debug|Any CPU = Debug|Any CPU
		Release|Any CPU = Release|Any CPU
	EndGlobalSection
	GlobalSection(ProjectConfigurationPlatforms) = postSolution
		{01EB30CB-5F2B-4324-9C7D-2789D061E728}.Debug|Any CPU.ActiveCfg = Debug|Any CPU
		{01EB30CB-5F2B-4324-9C7D-2789D061E728}.Debug|Any CPU.Build.0 = Debug|Any CPU
		{01EB30CB-5F2B-4324-9C7D-2789D061E728}.Release|Any CPU.ActiveCfg = Release|Any CPU
		{01EB30CB-5F2B-4324-9C7D-2789D061E728}.Release|Any CPU.Build.0 = Release|Any CPU
		{DA95B8AF-8506-425E-8217-66A34CE388E6}.Debug|Any CPU.ActiveCfg = Debug|Any CPU
		{DA95B8AF-8506-425E-8217-66A34CE388E6}.Debug|Any CPU.Build.0 = Debug|Any CPU
		{DA95B8AF-8506-425E-8217-66A34CE388E6}.Release|Any CPU.ActiveCfg = Release|Any CPU
		{DA95B8AF-8506-425E-8217-66A34CE388E6}.Release|Any CPU.Build.0 = Release|Any CPU
		{FB8BD3AB-C118-4CE2-A09B-B33F22956A36}.Debug|Any CPU.ActiveCfg = Debug|Any CPU
		{FB8BD3AB-C118-4CE2-A09B-B33F22956A36}.Debug|Any CPU.Build.0 = Debug|Any CPU
		{FB8BD3AB-C118-4CE2-A09B-B33F22956A36}.Release|Any CPU.ActiveCfg = Release|Any CPU
		{FB8BD3AB-C118-4CE2-A09B-B33F22956A36}.Release|Any CPU.Build.0 = Release|Any CPU
		{AA94A6CC-F693-4EAF-8BD5-13224689802F}.Debug|Any CPU.ActiveCfg = Debug|Any CPU
		{AA94A6CC-F693-4EAF-8BD5-13224689802F}.Debug|Any CPU.Build.0 = Debug|Any CPU
		{AA94A6CC-F693-4EAF-8BD5-13224689802F}.Release|Any CPU.ActiveCfg = Release|Any CPU
		{AA94A6CC-F693-4EAF-8BD5-13224689802F}.Release|Any CPU.Build.0 = Release|Any CPU
	EndGlobalSection
	GlobalSection(SolutionProperties) = preSolution
		HideSolutionNode = FALSE
	EndGlobalSection
EndGlobal
