
Microsoft Visual Studio Solution File, Format Version 12.00
# Visual Studio 2013
VisualStudioVersion = 12.0.31101.0
MinimumVisualStudioVersion = 10.0.40219.1
Project("{FAE04EC0-301F-11D3-BF4B-00C04F79EFBC}") = "01StudentSystemModels", "01StudentSystemModels\01StudentSystemModels.csproj", "{45CE4CA2-CA4C-45E6-91AA-CFE3D8215C9E}"
EndProject
Project("{FAE04EC0-301F-11D3-BF4B-00C04F79EFBC}") = "03StudentSystemConsoleClient", "03StudentSystemConsoleClient\03StudentSystemConsoleClient.csproj", "{F9B85A0A-A0C6-441F-90B1-348F46B191EE}"
EndProject
Project("{FAE04EC0-301F-11D3-BF4B-00C04F79EFBC}") = "02StudentSystemData", "02StudentSystemData\02StudentSystemData.csproj", "{E9436569-06A2-4C05-9D95-742BC92C82D9}"
EndProject
Global
	GlobalSection(SolutionConfigurationPlatforms) = preSolution
		Debug|Any CPU = Debug|Any CPU
		Release|Any CPU = Release|Any CPU
	EndGlobalSection
	GlobalSection(ProjectConfigurationPlatforms) = postSolution
		{45CE4CA2-CA4C-45E6-91AA-CFE3D8215C9E}.Debug|Any CPU.ActiveCfg = Debug|Any CPU
		{45CE4CA2-CA4C-45E6-91AA-CFE3D8215C9E}.Debug|Any CPU.Build.0 = Debug|Any CPU
		{45CE4CA2-CA4C-45E6-91AA-CFE3D8215C9E}.Release|Any CPU.ActiveCfg = Release|Any CPU
		{45CE4CA2-CA4C-45E6-91AA-CFE3D8215C9E}.Release|Any CPU.Build.0 = Release|Any CPU
		{F9B85A0A-A0C6-441F-90B1-348F46B191EE}.Debug|Any CPU.ActiveCfg = Debug|Any CPU
		{F9B85A0A-A0C6-441F-90B1-348F46B191EE}.Debug|Any CPU.Build.0 = Debug|Any CPU
		{F9B85A0A-A0C6-441F-90B1-348F46B191EE}.Release|Any CPU.ActiveCfg = Release|Any CPU
		{F9B85A0A-A0C6-441F-90B1-348F46B191EE}.Release|Any CPU.Build.0 = Release|Any CPU
		{E9436569-06A2-4C05-9D95-742BC92C82D9}.Debug|Any CPU.ActiveCfg = Debug|Any CPU
		{E9436569-06A2-4C05-9D95-742BC92C82D9}.Debug|Any CPU.Build.0 = Debug|Any CPU
		{E9436569-06A2-4C05-9D95-742BC92C82D9}.Release|Any CPU.ActiveCfg = Release|Any CPU
		{E9436569-06A2-4C05-9D95-742BC92C82D9}.Release|Any CPU.Build.0 = Release|Any CPU
	EndGlobalSection
	GlobalSection(SolutionProperties) = preSolution
		HideSolutionNode = FALSE
	EndGlobalSection
EndGlobal
