
Microsoft Visual Studio Solution File, Format Version 12.00
# Visual Studio 2013
VisualStudioVersion = 12.0.31101.0
MinimumVisualStudioVersion = 10.0.40219.1
Project("{FAE04EC0-301F-11D3-BF4B-00C04F79EFBC}") = "04ATMDatabase", "04ATMDatabase\04ATMDatabase.csproj", "{F871FA4F-952C-4C54-8EC8-BD5FF3F706C3}"
EndProject
Project("{2150E333-8FDC-42A3-9474-1A3956D46DE8}") = "Solution Items", "Solution Items", "{74126704-4CE0-4E65-893E-2CBCD50D1D70}"
	ProjectSection(SolutionItems) = preProject
		ExtendATMDatabase.sql = ExtendATMDatabase.sql
		InitializeATMDatabase.sql = InitializeATMDatabase.sql
	EndProjectSection
EndProject
Project("{FAE04EC0-301F-11D3-BF4B-00C04F79EFBC}") = "05TransactionalATMWithdrawal", "05TransactionalATMWithdrawal\05TransactionalATMWithdrawal.csproj", "{709E0DE0-0E4C-476E-A2D5-B74F41E80D8E}"
EndProject
Project("{FAE04EC0-301F-11D3-BF4B-00C04F79EFBC}") = "06ATMTransactionsHistory", "06ATMTransactionsHistory\06ATMTransactionsHistory.csproj", "{AD137BB5-F7C9-44AD-9299-95165B2058DB}"
EndProject
Global
	GlobalSection(SolutionConfigurationPlatforms) = preSolution
		Debug|Any CPU = Debug|Any CPU
		Release|Any CPU = Release|Any CPU
	EndGlobalSection
	GlobalSection(ProjectConfigurationPlatforms) = postSolution
		{F871FA4F-952C-4C54-8EC8-BD5FF3F706C3}.Debug|Any CPU.ActiveCfg = Debug|Any CPU
		{F871FA4F-952C-4C54-8EC8-BD5FF3F706C3}.Debug|Any CPU.Build.0 = Debug|Any CPU
		{F871FA4F-952C-4C54-8EC8-BD5FF3F706C3}.Release|Any CPU.ActiveCfg = Release|Any CPU
		{F871FA4F-952C-4C54-8EC8-BD5FF3F706C3}.Release|Any CPU.Build.0 = Release|Any CPU
		{709E0DE0-0E4C-476E-A2D5-B74F41E80D8E}.Debug|Any CPU.ActiveCfg = Debug|Any CPU
		{709E0DE0-0E4C-476E-A2D5-B74F41E80D8E}.Debug|Any CPU.Build.0 = Debug|Any CPU
		{709E0DE0-0E4C-476E-A2D5-B74F41E80D8E}.Release|Any CPU.ActiveCfg = Release|Any CPU
		{709E0DE0-0E4C-476E-A2D5-B74F41E80D8E}.Release|Any CPU.Build.0 = Release|Any CPU
		{AD137BB5-F7C9-44AD-9299-95165B2058DB}.Debug|Any CPU.ActiveCfg = Debug|Any CPU
		{AD137BB5-F7C9-44AD-9299-95165B2058DB}.Debug|Any CPU.Build.0 = Debug|Any CPU
		{AD137BB5-F7C9-44AD-9299-95165B2058DB}.Release|Any CPU.ActiveCfg = Release|Any CPU
		{AD137BB5-F7C9-44AD-9299-95165B2058DB}.Release|Any CPU.Build.0 = Release|Any CPU
	EndGlobalSection
	GlobalSection(SolutionProperties) = preSolution
		HideSolutionNode = FALSE
	EndGlobalSection
EndGlobal
