
Microsoft Visual Studio Solution File, Format Version 12.00
# Visual Studio 2013
VisualStudioVersion = 12.0.21005.1
MinimumVisualStudioVersion = 10.0.40219.1
Project("{FAE04EC0-301F-11D3-BF4B-00C04F79EFBC}") = "01JoroTheFootballPlayer", "JoroTheFootballPlayer\01JoroTheFootballPlayer.csproj", "{1EAE3A7D-AF0E-4998-B633-264CEF5EAA9E}"
EndProject
Project("{FAE04EC0-301F-11D3-BF4B-00C04F79EFBC}") = "02HalfSum", "HalfSum\02HalfSum.csproj", "{3F56B74B-1B52-450C-B434-DD8E541A22F9}"
EndProject
Project("{FAE04EC0-301F-11D3-BF4B-00C04F79EFBC}") = "03Sunglasses", "Sunglasses\03Sunglasses.csproj", "{C3DBA159-38AA-4223-97B0-6634BBE56599}"
EndProject
Global
	GlobalSection(SolutionConfigurationPlatforms) = preSolution
		Debug|Any CPU = Debug|Any CPU
		Release|Any CPU = Release|Any CPU
	EndGlobalSection
	GlobalSection(ProjectConfigurationPlatforms) = postSolution
		{1EAE3A7D-AF0E-4998-B633-264CEF5EAA9E}.Debug|Any CPU.ActiveCfg = Debug|Any CPU
		{1EAE3A7D-AF0E-4998-B633-264CEF5EAA9E}.Debug|Any CPU.Build.0 = Debug|Any CPU
		{1EAE3A7D-AF0E-4998-B633-264CEF5EAA9E}.Release|Any CPU.ActiveCfg = Release|Any CPU
		{1EAE3A7D-AF0E-4998-B633-264CEF5EAA9E}.Release|Any CPU.Build.0 = Release|Any CPU
		{3F56B74B-1B52-450C-B434-DD8E541A22F9}.Debug|Any CPU.ActiveCfg = Debug|Any CPU
		{3F56B74B-1B52-450C-B434-DD8E541A22F9}.Debug|Any CPU.Build.0 = Debug|Any CPU
		{3F56B74B-1B52-450C-B434-DD8E541A22F9}.Release|Any CPU.ActiveCfg = Release|Any CPU
		{3F56B74B-1B52-450C-B434-DD8E541A22F9}.Release|Any CPU.Build.0 = Release|Any CPU
		{C3DBA159-38AA-4223-97B0-6634BBE56599}.Debug|Any CPU.ActiveCfg = Debug|Any CPU
		{C3DBA159-38AA-4223-97B0-6634BBE56599}.Debug|Any CPU.Build.0 = Debug|Any CPU
		{C3DBA159-38AA-4223-97B0-6634BBE56599}.Release|Any CPU.ActiveCfg = Release|Any CPU
		{C3DBA159-38AA-4223-97B0-6634BBE56599}.Release|Any CPU.Build.0 = Release|Any CPU
	EndGlobalSection
	GlobalSection(SolutionProperties) = preSolution
		HideSolutionNode = FALSE
	EndGlobalSection
EndGlobal
