
Microsoft Visual Studio Solution File, Format Version 12.00
# Visual Studio 14
VisualStudioVersion = 14.0.22310.1
MinimumVisualStudioVersion = 10.0.40219.1
Project("{FAE04EC0-301F-11D3-BF4B-00C04F79EFBC}") = "BitLock", "BitLock\BitLock.csproj", "{89D370C2-C979-4221-828F-4C62A73B51A4}"
EndProject
Project("{FAE04EC0-301F-11D3-BF4B-00C04F79EFBC}") = "PiggyBank", "PiggyBank\PiggyBank.csproj", "{49F293CB-17E8-4913-95D2-232C402829C1}"
EndProject
Project("{FAE04EC0-301F-11D3-BF4B-00C04F79EFBC}") = "CheatSheet", "CheatSheet\CheatSheet.csproj", "{3989DA0D-851F-4B23-A86A-FAF511C23696}"
EndProject
Project("{FAE04EC0-301F-11D3-BF4B-00C04F79EFBC}") = "Boat", "Boat\Boat.csproj", "{234303AF-67AB-4848-8F8B-918704187714}"
EndProject
Project("{FAE04EC0-301F-11D3-BF4B-00C04F79EFBC}") = "TextBombardment", "TextBombardment\TextBombardment.csproj", "{D54DC2EE-ADF7-43BD-A262-69E893F33230}"
EndProject
Global
	GlobalSection(SolutionConfigurationPlatforms) = preSolution
		Debug|Any CPU = Debug|Any CPU
		Release|Any CPU = Release|Any CPU
	EndGlobalSection
	GlobalSection(ProjectConfigurationPlatforms) = postSolution
		{89D370C2-C979-4221-828F-4C62A73B51A4}.Debug|Any CPU.ActiveCfg = Debug|Any CPU
		{89D370C2-C979-4221-828F-4C62A73B51A4}.Debug|Any CPU.Build.0 = Debug|Any CPU
		{89D370C2-C979-4221-828F-4C62A73B51A4}.Release|Any CPU.ActiveCfg = Release|Any CPU
		{89D370C2-C979-4221-828F-4C62A73B51A4}.Release|Any CPU.Build.0 = Release|Any CPU
		{49F293CB-17E8-4913-95D2-232C402829C1}.Debug|Any CPU.ActiveCfg = Debug|Any CPU
		{49F293CB-17E8-4913-95D2-232C402829C1}.Debug|Any CPU.Build.0 = Debug|Any CPU
		{49F293CB-17E8-4913-95D2-232C402829C1}.Release|Any CPU.ActiveCfg = Release|Any CPU
		{49F293CB-17E8-4913-95D2-232C402829C1}.Release|Any CPU.Build.0 = Release|Any CPU
		{3989DA0D-851F-4B23-A86A-FAF511C23696}.Debug|Any CPU.ActiveCfg = Debug|Any CPU
		{3989DA0D-851F-4B23-A86A-FAF511C23696}.Debug|Any CPU.Build.0 = Debug|Any CPU
		{3989DA0D-851F-4B23-A86A-FAF511C23696}.Release|Any CPU.ActiveCfg = Release|Any CPU
		{3989DA0D-851F-4B23-A86A-FAF511C23696}.Release|Any CPU.Build.0 = Release|Any CPU
		{234303AF-67AB-4848-8F8B-918704187714}.Debug|Any CPU.ActiveCfg = Debug|Any CPU
		{234303AF-67AB-4848-8F8B-918704187714}.Debug|Any CPU.Build.0 = Debug|Any CPU
		{234303AF-67AB-4848-8F8B-918704187714}.Release|Any CPU.ActiveCfg = Release|Any CPU
		{234303AF-67AB-4848-8F8B-918704187714}.Release|Any CPU.Build.0 = Release|Any CPU
		{D54DC2EE-ADF7-43BD-A262-69E893F33230}.Debug|Any CPU.ActiveCfg = Debug|Any CPU
		{D54DC2EE-ADF7-43BD-A262-69E893F33230}.Debug|Any CPU.Build.0 = Debug|Any CPU
		{D54DC2EE-ADF7-43BD-A262-69E893F33230}.Release|Any CPU.ActiveCfg = Release|Any CPU
		{D54DC2EE-ADF7-43BD-A262-69E893F33230}.Release|Any CPU.Build.0 = Release|Any CPU
	EndGlobalSection
	GlobalSection(SolutionProperties) = preSolution
		HideSolutionNode = FALSE
	EndGlobalSection
EndGlobal
