
Microsoft Visual Studio Solution File, Format Version 12.00
# Visual Studio 14
VisualStudioVersion = 14.0.23107.0
MinimumVisualStudioVersion = 10.0.40219.1
Project("{FAE04EC0-301F-11D3-BF4B-00C04F79EFBC}") = "01GenerateVariationsWithRepetition", "01GenerateVariationsWithRepetition\01GenerateVariationsWithRepetition.csproj", "{2C012AA9-E1C5-424F-A94F-86A3DD6EFEDC}"
EndProject
Project("{FAE04EC0-301F-11D3-BF4B-00C04F79EFBC}") = "02VariationsWithoutRepetition", "02VariationsWithoutRepetition\02VariationsWithoutRepetition.csproj", "{AF7BC6C2-8EE4-453B-B627-B498A6F2BFD4}"
EndProject
Global
	GlobalSection(SolutionConfigurationPlatforms) = preSolution
		Debug|Any CPU = Debug|Any CPU
		Release|Any CPU = Release|Any CPU
	EndGlobalSection
	GlobalSection(ProjectConfigurationPlatforms) = postSolution
		{2C012AA9-E1C5-424F-A94F-86A3DD6EFEDC}.Debug|Any CPU.ActiveCfg = Debug|Any CPU
		{2C012AA9-E1C5-424F-A94F-86A3DD6EFEDC}.Debug|Any CPU.Build.0 = Debug|Any CPU
		{2C012AA9-E1C5-424F-A94F-86A3DD6EFEDC}.Release|Any CPU.ActiveCfg = Release|Any CPU
		{2C012AA9-E1C5-424F-A94F-86A3DD6EFEDC}.Release|Any CPU.Build.0 = Release|Any CPU
		{AF7BC6C2-8EE4-453B-B627-B498A6F2BFD4}.Debug|Any CPU.ActiveCfg = Debug|Any CPU
		{AF7BC6C2-8EE4-453B-B627-B498A6F2BFD4}.Debug|Any CPU.Build.0 = Debug|Any CPU
		{AF7BC6C2-8EE4-453B-B627-B498A6F2BFD4}.Release|Any CPU.ActiveCfg = Release|Any CPU
		{AF7BC6C2-8EE4-453B-B627-B498A6F2BFD4}.Release|Any CPU.Build.0 = Release|Any CPU
	EndGlobalSection
	GlobalSection(SolutionProperties) = preSolution
		HideSolutionNode = FALSE
	EndGlobalSection
EndGlobal
