
Microsoft Visual Studio Solution File, Format Version 12.00
# Visual Studio 2013
VisualStudioVersion = 12.0.31101.0
MinimumVisualStudioVersion = 10.0.40219.1
Project("{FAE04EC0-301F-11D3-BF4B-00C04F79EFBC}") = "01Models", "Models\01Models.csproj", "{4352C877-25BF-4F18-9E96-9CB12EE0AB3D}"
EndProject
Project("{FAE04EC0-301F-11D3-BF4B-00C04F79EFBC}") = "02Data", "Data\02Data.csproj", "{4806DC00-AD42-4E00-85A5-4A5E1E5C8629}"
EndProject
Global
	GlobalSection(SolutionConfigurationPlatforms) = preSolution
		Debug|Any CPU = Debug|Any CPU
		Release|Any CPU = Release|Any CPU
	EndGlobalSection
	GlobalSection(ProjectConfigurationPlatforms) = postSolution
		{4352C877-25BF-4F18-9E96-9CB12EE0AB3D}.Debug|Any CPU.ActiveCfg = Debug|Any CPU
		{4352C877-25BF-4F18-9E96-9CB12EE0AB3D}.Debug|Any CPU.Build.0 = Debug|Any CPU
		{4352C877-25BF-4F18-9E96-9CB12EE0AB3D}.Release|Any CPU.ActiveCfg = Release|Any CPU
		{4352C877-25BF-4F18-9E96-9CB12EE0AB3D}.Release|Any CPU.Build.0 = Release|Any CPU
		{4806DC00-AD42-4E00-85A5-4A5E1E5C8629}.Debug|Any CPU.ActiveCfg = Debug|Any CPU
		{4806DC00-AD42-4E00-85A5-4A5E1E5C8629}.Debug|Any CPU.Build.0 = Debug|Any CPU
		{4806DC00-AD42-4E00-85A5-4A5E1E5C8629}.Release|Any CPU.ActiveCfg = Release|Any CPU
		{4806DC00-AD42-4E00-85A5-4A5E1E5C8629}.Release|Any CPU.Build.0 = Release|Any CPU
	EndGlobalSection
	GlobalSection(SolutionProperties) = preSolution
		HideSolutionNode = FALSE
	EndGlobalSection
EndGlobal
