
Microsoft Visual Studio Solution File, Format Version 12.00
# Visual Studio 2013
VisualStudioVersion = 12.0.31101.0
MinimumVisualStudioVersion = 10.0.40219.1
Project("{FAE04EC0-301F-11D3-BF4B-00C04F79EFBC}") = "01ReverseNumbersWithAStack", "01ReverseNumbersWithAStack\01ReverseNumbersWithAStack.csproj", "{B1B7F58C-A160-4101-BB3B-A65EC637DC35}"
EndProject
Project("{FAE04EC0-301F-11D3-BF4B-00C04F79EFBC}") = "02CalcSequenceWithAQueue", "02CalcSequenceWithAQueue\02CalcSequenceWithAQueue.csproj", "{6FD85C42-31D1-42D1-B04C-DAADA202F0BB}"
EndProject
Project("{FAE04EC0-301F-11D3-BF4B-00C04F79EFBC}") = "03ImplementArrayBasedStack", "03ImplementArrayBasedStack\03ImplementArrayBasedStack.csproj", "{357508E4-99E8-4077-AB66-445F8C038588}"
EndProject
Project("{FAE04EC0-301F-11D3-BF4B-00C04F79EFBC}") = "04ArrayBasedStackUnitTests", "04ArrayBasedStackUnitTests\04ArrayBasedStackUnitTests.csproj", "{1B6288E7-C456-45D1-876D-8B28299CAFC1}"
EndProject
Global
	GlobalSection(SolutionConfigurationPlatforms) = preSolution
		Debug|Any CPU = Debug|Any CPU
		Release|Any CPU = Release|Any CPU
	EndGlobalSection
	GlobalSection(ProjectConfigurationPlatforms) = postSolution
		{B1B7F58C-A160-4101-BB3B-A65EC637DC35}.Debug|Any CPU.ActiveCfg = Debug|Any CPU
		{B1B7F58C-A160-4101-BB3B-A65EC637DC35}.Debug|Any CPU.Build.0 = Debug|Any CPU
		{B1B7F58C-A160-4101-BB3B-A65EC637DC35}.Release|Any CPU.ActiveCfg = Release|Any CPU
		{B1B7F58C-A160-4101-BB3B-A65EC637DC35}.Release|Any CPU.Build.0 = Release|Any CPU
		{6FD85C42-31D1-42D1-B04C-DAADA202F0BB}.Debug|Any CPU.ActiveCfg = Debug|Any CPU
		{6FD85C42-31D1-42D1-B04C-DAADA202F0BB}.Debug|Any CPU.Build.0 = Debug|Any CPU
		{6FD85C42-31D1-42D1-B04C-DAADA202F0BB}.Release|Any CPU.ActiveCfg = Release|Any CPU
		{6FD85C42-31D1-42D1-B04C-DAADA202F0BB}.Release|Any CPU.Build.0 = Release|Any CPU
		{357508E4-99E8-4077-AB66-445F8C038588}.Debug|Any CPU.ActiveCfg = Debug|Any CPU
		{357508E4-99E8-4077-AB66-445F8C038588}.Debug|Any CPU.Build.0 = Debug|Any CPU
		{357508E4-99E8-4077-AB66-445F8C038588}.Release|Any CPU.ActiveCfg = Release|Any CPU
		{357508E4-99E8-4077-AB66-445F8C038588}.Release|Any CPU.Build.0 = Release|Any CPU
		{1B6288E7-C456-45D1-876D-8B28299CAFC1}.Debug|Any CPU.ActiveCfg = Debug|Any CPU
		{1B6288E7-C456-45D1-876D-8B28299CAFC1}.Debug|Any CPU.Build.0 = Debug|Any CPU
		{1B6288E7-C456-45D1-876D-8B28299CAFC1}.Release|Any CPU.ActiveCfg = Release|Any CPU
		{1B6288E7-C456-45D1-876D-8B28299CAFC1}.Release|Any CPU.Build.0 = Release|Any CPU
	EndGlobalSection
	GlobalSection(SolutionProperties) = preSolution
		HideSolutionNode = FALSE
	EndGlobalSection
EndGlobal
